
Microsoft Visual Studio Solution File, Format Version 12.00
# Visual Studio Version 17
VisualStudioVersion = 17.8.34525.116
MinimumVisualStudioVersion = 10.0.40219.1
Project("{FAE04EC0-301F-11D3-BF4B-00C04F79EFBC}") = "Data_Trans_Job", "Data_Trans_Job.csproj", "{C8B83B8A-78D6-4326-94E8-1A18CFA8CED0}"
EndProject
Global
	GlobalSection(SolutionConfigurationPlatforms) = preSolution
		Debug|Any CPU = Debug|Any CPU
		Release|Any CPU = Release|Any CPU
	EndGlobalSection
	GlobalSection(ProjectConfigurationPlatforms) = postSolution
		{C8B83B8A-78D6-4326-94E8-1A18CFA8CED0}.Debug|Any CPU.ActiveCfg = Debug|Any CPU
		{C8B83B8A-78D6-4326-94E8-1A18CFA8CED0}.Debug|Any CPU.Build.0 = Debug|Any CPU
		{C8B83B8A-78D6-4326-94E8-1A18CFA8CED0}.Release|Any CPU.ActiveCfg = Release|Any CPU
		{C8B83B8A-78D6-4326-94E8-1A18CFA8CED0}.Release|Any CPU.Build.0 = Release|Any CPU
	EndGlobalSection
	GlobalSection(SolutionProperties) = preSolution
		HideSolutionNode = FALSE
	EndGlobalSection
	GlobalSection(ExtensibilityGlobals) = postSolution
		SolutionGuid = {C309C171-5B75-4A6F-90DA-68F25D3DEAC6}
	EndGlobalSection
EndGlobal
